
Microsoft Visual Studio Solution File, Format Version 12.00
# Visual Studio Version 17
VisualStudioVersion = 17.0.31903.59
MinimumVisualStudioVersion = 10.0.40219.1
Project("{FAE04EC0-301F-11D3-BF4B-00C04F79EFBC}") = "StorIA-Lite.Api", "API\StorIA-Lite.Api.csproj", "{7FF27353-71E8-428E-9F7B-0480DFE90165}"
EndProject
Project("{FAE04EC0-301F-11D3-BF4B-00C04F79EFBC}") = "StorIA-Lite.Application", "Application\StorIA-Lite.Application.csproj", "{24E9CF4F-218A-4D67-818E-6FFAA6109AD6}"
EndProject
Project("{FAE04EC0-301F-11D3-BF4B-00C04F79EFBC}") = "StorIA-Lite.Domain", "Domain\StorIA-Lite.Domain.csproj", "{D1C3458F-1080-40C6-84B2-05E95AAB6F89}"
EndProject
Project("{FAE04EC0-301F-11D3-BF4B-00C04F79EFBC}") = "StorIA-Lite.Infrastructure", "Infrastructure\StorIA-Lite.Infrastructure.csproj", "{C2A0944C-241A-4389-8B30-34020F64B69E}"
EndProject
Global
	GlobalSection(SolutionConfigurationPlatforms) = preSolution
		Debug|Any CPU = Debug|Any CPU
		Release|Any CPU = Release|Any CPU
	EndGlobalSection
	GlobalSection(SolutionProperties) = preSolution
		HideSolutionNode = FALSE
	EndGlobalSection
	GlobalSection(ProjectConfigurationPlatforms) = postSolution
		{7FF27353-71E8-428E-9F7B-0480DFE90165}.Debug|Any CPU.ActiveCfg = Debug|Any CPU
		{7FF27353-71E8-428E-9F7B-0480DFE90165}.Debug|Any CPU.Build.0 = Debug|Any CPU
		{7FF27353-71E8-428E-9F7B-0480DFE90165}.Release|Any CPU.ActiveCfg = Release|Any CPU
		{7FF27353-71E8-428E-9F7B-0480DFE90165}.Release|Any CPU.Build.0 = Release|Any CPU
		{24E9CF4F-218A-4D67-818E-6FFAA6109AD6}.Debug|Any CPU.ActiveCfg = Debug|Any CPU
		{24E9CF4F-218A-4D67-818E-6FFAA6109AD6}.Debug|Any CPU.Build.0 = Debug|Any CPU
		{24E9CF4F-218A-4D67-818E-6FFAA6109AD6}.Release|Any CPU.ActiveCfg = Release|Any CPU
		{24E9CF4F-218A-4D67-818E-6FFAA6109AD6}.Release|Any CPU.Build.0 = Release|Any CPU
		{D1C3458F-1080-40C6-84B2-05E95AAB6F89}.Debug|Any CPU.ActiveCfg = Debug|Any CPU
		{D1C3458F-1080-40C6-84B2-05E95AAB6F89}.Debug|Any CPU.Build.0 = Debug|Any CPU
		{D1C3458F-1080-40C6-84B2-05E95AAB6F89}.Release|Any CPU.ActiveCfg = Release|Any CPU
		{D1C3458F-1080-40C6-84B2-05E95AAB6F89}.Release|Any CPU.Build.0 = Release|Any CPU
		{C2A0944C-241A-4389-8B30-34020F64B69E}.Debug|Any CPU.ActiveCfg = Debug|Any CPU
		{C2A0944C-241A-4389-8B30-34020F64B69E}.Debug|Any CPU.Build.0 = Debug|Any CPU
		{C2A0944C-241A-4389-8B30-34020F64B69E}.Release|Any CPU.ActiveCfg = Release|Any CPU
		{C2A0944C-241A-4389-8B30-34020F64B69E}.Release|Any CPU.Build.0 = Release|Any CPU
	EndGlobalSection
EndGlobal
